
Microsoft Visual Studio Solution File, Format Version 12.00
# Visual Studio Version 17
VisualStudioVersion = 17.4.33205.214
MinimumVisualStudioVersion = 10.0.40219.1
Project("{FAE04EC0-301F-11D3-BF4B-00C04F79EFBC}") = "WinFormsApp1", "WinFormsApp1.csproj", "{AD79A18B-8C3E-43FE-B1CD-5A92CE3F7620}"
EndProject
Global
	GlobalSection(SolutionConfigurationPlatforms) = preSolution
		Debug|Any CPU = Debug|Any CPU
		Release|Any CPU = Release|Any CPU
	EndGlobalSection
	GlobalSection(ProjectConfigurationPlatforms) = postSolution
		{AD79A18B-8C3E-43FE-B1CD-5A92CE3F7620}.Debug|Any CPU.ActiveCfg = Debug|Any CPU
		{AD79A18B-8C3E-43FE-B1CD-5A92CE3F7620}.Debug|Any CPU.Build.0 = Debug|Any CPU
		{AD79A18B-8C3E-43FE-B1CD-5A92CE3F7620}.Release|Any CPU.ActiveCfg = Release|Any CPU
		{AD79A18B-8C3E-43FE-B1CD-5A92CE3F7620}.Release|Any CPU.Build.0 = Release|Any CPU
	EndGlobalSection
	GlobalSection(SolutionProperties) = preSolution
		HideSolutionNode = FALSE
	EndGlobalSection
	GlobalSection(ExtensibilityGlobals) = postSolution
		SolutionGuid = {3C53A1EA-EFD6-4DAA-9A1D-CAD046ADEB98}
	EndGlobalSection
EndGlobal
